// !$*UTF8*$!
{
	archiveVersion = 1;
	classes = {
	};
	objectVersion = 55;
	objects = {

/* Begin PBXBuildFile section */
		6615533D28874BC400682692 /* testsNano10App.swift in Sources */ = {isa = PBXBuildFile; fileRef = 6615533C28874BC400682692 /* testsNano10App.swift */; };
		6615533F28874BC400682692 /* ContentView.swift in Sources */ = {isa = PBXBuildFile; fileRef = 6615533E28874BC400682692 /* ContentView.swift */; };
		6615534128874BC800682692 /* Assets.xcassets in Resources */ = {isa = PBXBuildFile; fileRef = 6615534028874BC800682692 /* Assets.xcassets */; };
		6615534428874BC800682692 /* Preview Assets.xcassets in Resources */ = {isa = PBXBuildFile; fileRef = 6615534328874BC800682692 /* Preview Assets.xcassets */; };
		6615534E28874BC800682692 /* testsNano10Tests.swift in Sources */ = {isa = PBXBuildFile; fileRef = 6615534D28874BC800682692 /* testsNano10Tests.swift */; };
		6615535828874BC800682692 /* testsNano10UITests.swift in Sources */ = {isa = PBXBuildFile; fileRef = 6615535728874BC800682692 /* testsNano10UITests.swift */; };
		6615535A28874BC800682692 /* testsNano10UITestsLaunchTests.swift in Sources */ = {isa = PBXBuildFile; fileRef = 6615535928874BC800682692 /* testsNano10UITestsLaunchTests.swift */; };
/* End PBXBuildFile section */

/* Begin PBXContainerItemProxy section */
		6615534A28874BC800682692 /* PBXContainerItemProxy */ = {
			isa = PBXContainerItemProxy;
			containerPortal = 6615533128874BC400682692 /* Project object */;
			proxyType = 1;
			remoteGlobalIDString = 6615533828874BC400682692;
			remoteInfo = testsNano10;
		};
		6615535428874BC800682692 /* PBXContainerItemProxy */ = {
			isa = PBXContainerItemProxy;
			containerPortal = 6615533128874BC400682692 /* Project object */;
			proxyType = 1;
			remoteGlobalIDString = 6615533828874BC400682692;
			remoteInfo = testsNano10;
		};
/* End PBXContainerItemProxy section */

/* Begin PBXFileReference section */
		6615533928874BC400682692 /* testsNano10.app */ = {isa = PBXFileReference; explicitFileType = wrapper.application; includeInIndex = 0; path = testsNano10.app; sourceTree = BUILT_PRODUCTS_DIR; };
		6615533C28874BC400682692 /* testsNano10App.swift */ = {isa = PBXFileReference; lastKnownFileType = sourcecode.swift; path = testsNano10App.swift; sourceTree = "<group>"; };
		6615533E28874BC400682692 /* ContentView.swift */ = {isa = PBXFileReference; lastKnownFileType = sourcecode.swift; path = ContentView.swift; sourceTree = "<group>"; };
		6615534028874BC800682692 /* Assets.xcassets */ = {isa = PBXFileReference; lastKnownFileType = folder.assetcatalog; path = Assets.xcassets; sourceTree = "<group>"; };
		6615534328874BC800682692 /* Preview Assets.xcassets */ = {isa = PBXFileReference; lastKnownFileType = folder.assetcatalog; path = "Preview Assets.xcassets"; sourceTree = "<group>"; };
		6615534928874BC800682692 /* testsNano10Tests.xctest */ = {isa = PBXFileReference; explicitFileType = wrapper.cfbundle; includeInIndex = 0; path = testsNano10Tests.xctest; sourceTree = BUILT_PRODUCTS_DIR; };
		6615534D28874BC800682692 /* testsNano10Tests.swift */ = {isa = PBXFileReference; lastKnownFileType = sourcecode.swift; path = testsNano10Tests.swift; sourceTree = "<group>"; };
		6615535328874BC800682692 /* testsNano10UITests.xctest */ = {isa = PBXFileReference; explicitFileType = wrapper.cfbundle; includeInIndex = 0; path = testsNano10UITests.xctest; sourceTree = BUILT_PRODUCTS_DIR; };
		6615535728874BC800682692 /* testsNano10UITests.swift */ = {isa = PBXFileReference; lastKnownFileType = sourcecode.swift; path = testsNano10UITests.swift; sourceTree = "<group>"; };
		6615535928874BC800682692 /* testsNano10UITestsLaunchTests.swift */ = {isa = PBXFileReference; lastKnownFileType = sourcecode.swift; path = testsNano10UITestsLaunchTests.swift; sourceTree = "<group>"; };
/* End PBXFileReference section */

/* Begin PBXFrameworksBuildPhase section */
		6615533628874BC400682692 /* Frameworks */ = {
			isa = PBXFrameworksBuildPhase;
			buildActionMask = 2147483647;
			files = (
			);
			runOnlyForDeploymentPostprocessing = 0;
		};
		6615534628874BC800682692 /* Frameworks */ = {
			isa = PBXFrameworksBuildPhase;
			buildActionMask = 2147483647;
			files = (
			);
			runOnlyForDeploymentPostprocessing = 0;
		};
		6615535028874BC800682692 /* Frameworks */ = {
			isa = PBXFrameworksBuildPhase;
			buildActionMask = 2147483647;
			files = (
			);
			runOnlyForDeploymentPostprocessing = 0;
		};
/* End PBXFrameworksBuildPhase section */

/* Begin PBXGroup section */
		6615533028874BC400682692 = {
			isa = PBXGroup;
			children = (
				6615533B28874BC400682692 /* testsNano10 */,
				6615534C28874BC800682692 /* testsNano10Tests */,
				6615535628874BC800682692 /* testsNano10UITests */,
				6615533A28874BC400682692 /* Products */,
			);
			sourceTree = "<group>";
		};
		6615533A28874BC400682692 /* Products */ = {
			isa = PBXGroup;
			children = (
				6615533928874BC400682692 /* testsNano10.app */,
				6615534928874BC800682692 /* testsNano10Tests.xctest */,
				6615535328874BC800682692 /* testsNano10UITests.xctest */,
			);
			name = Products;
			sourceTree = "<group>";
		};
		6615533B28874BC400682692 /* testsNano10 */ = {
			isa = PBXGroup;
			children = (
				6615533C28874BC400682692 /* testsNano10App.swift */,
				6615533E28874BC400682692 /* ContentView.swift */,
				6615534028874BC800682692 /* Assets.xcassets */,
				6615534228874BC800682692 /* Preview Content */,
			);
			path = testsNano10;
			sourceTree = "<group>";
		};
		6615534228874BC800682692 /* Preview Content */ = {
			isa = PBXGroup;
			children = (
				6615534328874BC800682692 /* Preview Assets.xcassets */,
			);
			path = "Preview Content";
			sourceTree = "<group>";
		};
		6615534C28874BC800682692 /* testsNano10Tests */ = {
			isa = PBXGroup;
			children = (
				6615534D28874BC800682692 /* testsNano10Tests.swift */,
			);
			path = testsNano10Tests;
			sourceTree = "<group>";
		};
		6615535628874BC800682692 /* testsNano10UITests */ = {
			isa = PBXGroup;
			children = (
				6615535728874BC800682692 /* testsNano10UITests.swift */,
				6615535928874BC800682692 /* testsNano10UITestsLaunchTests.swift */,
			);
			path = testsNano10UITests;
			sourceTree = "<group>";
		};
/* End PBXGroup section */

/* Begin PBXNativeTarget section */
		6615533828874BC400682692 /* testsNano10 */ = {
			isa = PBXNativeTarget;
			buildConfigurationList = 6615535D28874BC800682692 /* Build configuration list for PBXNativeTarget "testsNano10" */;
			buildPhases = (
				6615533528874BC400682692 /* Sources */,
				6615533628874BC400682692 /* Frameworks */,
				6615533728874BC400682692 /* Resources */,
			);
			buildRules = (
			);
			dependencies = (
			);
			name = testsNano10;
			productName = testsNano10;
			productReference = 6615533928874BC400682692 /* testsNano10.app */;
			productType = "com.apple.product-type.application";
		};
		6615534828874BC800682692 /* testsNano10Tests */ = {
			isa = PBXNativeTarget;
			buildConfigurationList = 6615536028874BC800682692 /* Build configuration list for PBXNativeTarget "testsNano10Tests" */;
			buildPhases = (
				6615534528874BC800682692 /* Sources */,
				6615534628874BC800682692 /* Frameworks */,
				6615534728874BC800682692 /* Resources */,
			);
			buildRules = (
			);
			dependencies = (
				6615534B28874BC800682692 /* PBXTargetDependency */,
			);
			name = testsNano10Tests;
			productName = testsNano10Tests;
			productReference = 6615534928874BC800682692 /* testsNano10Tests.xctest */;
			productType = "com.apple.product-type.bundle.unit-test";
		};
		6615535228874BC800682692 /* testsNano10UITests */ = {
			isa = PBXNativeTarget;
			buildConfigurationList = 6615536328874BC800682692 /* Build configuration list for PBXNativeTarget "testsNano10UITests" */;
			buildPhases = (
				6615534F28874BC800682692 /* Sources */,
				6615535028874BC800682692 /* Frameworks */,
				6615535128874BC800682692 /* Resources */,
			);
			buildRules = (
			);
			dependencies = (
				6615535528874BC800682692 /* PBXTargetDependency */,
			);
			name = testsNano10UITests;
			productName = testsNano10UITests;
			productReference = 6615535328874BC800682692 /* testsNano10UITests.xctest */;
			productType = "com.apple.product-type.bundle.ui-testing";
		};
/* End PBXNativeTarget section */

/* Begin PBXProject section */
		6615533128874BC400682692 /* Project object */ = {
			isa = PBXProject;
			attributes = {
				BuildIndependentTargetsInParallel = 1;
				LastSwiftUpdateCheck = 1340;
				LastUpgradeCheck = 1340;
				TargetAttributes = {
					6615533828874BC400682692 = {
						CreatedOnToolsVersion = 13.4.1;
					};
					6615534828874BC800682692 = {
						CreatedOnToolsVersion = 13.4.1;
						TestTargetID = 6615533828874BC400682692;
					};
					6615535228874BC800682692 = {
						CreatedOnToolsVersion = 13.4.1;
						TestTargetID = 6615533828874BC400682692;
					};
				};
			};
			buildConfigurationList = 6615533428874BC400682692 /* Build configuration list for PBXProject "testsNano10" */;
			compatibilityVersion = "Xcode 13.0";
			developmentRegion = en;
			hasScannedForEncodings = 0;
			knownRegions = (
				en,
				Base,
			);
			mainGroup = 6615533028874BC400682692;
			productRefGroup = 6615533A28874BC400682692 /* Products */;
			projectDirPath = "";
			projectRoot = "";
			targets = (
				6615533828874BC400682692 /* testsNano10 */,
				6615534828874BC800682692 /* testsNano10Tests */,
				6615535228874BC800682692 /* testsNano10UITests */,
			);
		};
/* End PBXProject section */

/* Begin PBXResourcesBuildPhase section */
		6615533728874BC400682692 /* Resources */ = {
			isa = PBXResourcesBuildPhase;
			buildActionMask = 2147483647;
			files = (
				6615534428874BC800682692 /* Preview Assets.xcassets in Resources */,
				6615534128874BC800682692 /* Assets.xcassets in Resources */,
			);
			runOnlyForDeploymentPostprocessing = 0;
		};
		6615534728874BC800682692 /* Resources */ = {
			isa = PBXResourcesBuildPhase;
			buildActionMask = 2147483647;
			files = (
			);
			runOnlyForDeploymentPostprocessing = 0;
		};
		6615535128874BC800682692 /* Resources */ = {
			isa = PBXResourcesBuildPhase;
			buildActionMask = 2147483647;
			files = (
			);
			runOnlyForDeploymentPostprocessing = 0;
		};
/* End PBXResourcesBuildPhase section */

/* Begin PBXSourcesBuildPhase section */
		6615533528874BC400682692 /* Sources */ = {
			isa = PBXSourcesBuildPhase;
			buildActionMask = 2147483647;
			files = (
				6615533F28874BC400682692 /* ContentView.swift in Sources */,
				6615533D28874BC400682692 /* testsNano10App.swift in Sources */,
			);
			runOnlyForDeploymentPostprocessing = 0;
		};
		6615534528874BC800682692 /* Sources */ = {
			isa = PBXSourcesBuildPhase;
			buildActionMask = 2147483647;
			files = (
				6615534E28874BC800682692 /* testsNano10Tests.swift in Sources */,
			);
			runOnlyForDeploymentPostprocessing = 0;
		};
		6615534F28874BC800682692 /* Sources */ = {
			isa = PBXSourcesBuildPhase;
			buildActionMask = 2147483647;
			files = (
				6615535828874BC800682692 /* testsNano10UITests.swift in Sources */,
				6615535A28874BC800682692 /* testsNano10UITestsLaunchTests.swift in Sources */,
			);
			runOnlyForDeploymentPostprocessing = 0;
		};
/* End PBXSourcesBuildPhase section */

/* Begin PBXTargetDependency section */
		6615534B28874BC800682692 /* PBXTargetDependency */ = {
			isa = PBXTargetDependency;
			target = 6615533828874BC400682692 /* testsNano10 */;
			targetProxy = 6615534A28874BC800682692 /* PBXContainerItemProxy */;
		};
		6615535528874BC800682692 /* PBXTargetDependency */ = {
			isa = PBXTargetDependency;
			target = 6615533828874BC400682692 /* testsNano10 */;
			targetProxy = 6615535428874BC800682692 /* PBXContainerItemProxy */;
		};
/* End PBXTargetDependency section */

/* Begin XCBuildConfiguration section */
		6615535B28874BC800682692 /* Debug */ = {
			isa = XCBuildConfiguration;
			buildSettings = {
				ALWAYS_SEARCH_USER_PATHS = NO;
				CLANG_ANALYZER_NONNULL = YES;
				CLANG_ANALYZER_NUMBER_OBJECT_CONVERSION = YES_AGGRESSIVE;
				CLANG_CXX_LANGUAGE_STANDARD = "gnu++17";
				CLANG_ENABLE_MODULES = YES;
				CLANG_ENABLE_OBJC_ARC = YES;
				CLANG_ENABLE_OBJC_WEAK = YES;
				CLANG_WARN_BLOCK_CAPTURE_AUTORELEASING = YES;
				CLANG_WARN_BOOL_CONVERSION = YES;
				CLANG_WARN_COMMA = YES;
				CLANG_WARN_CONSTANT_CONVERSION = YES;
				CLANG_WARN_DEPRECATED_OBJC_IMPLEMENTATIONS = YES;
				CLANG_WARN_DIRECT_OBJC_ISA_USAGE = YES_ERROR;
				CLANG_WARN_DOCUMENTATION_COMMENTS = YES;
				CLANG_WARN_EMPTY_BODY = YES;
				CLANG_WARN_ENUM_CONVERSION = YES;
				CLANG_WARN_INFINITE_RECURSION = YES;
				CLANG_WARN_INT_CONVERSION = YES;
				CLANG_WARN_NON_LITERAL_NULL_CONVERSION = YES;
				CLANG_WARN_OBJC_IMPLICIT_RETAIN_SELF = YES;
				CLANG_WARN_OBJC_LITERAL_CONVERSION = YES;
				CLANG_WARN_OBJC_ROOT_CLASS = YES_ERROR;
				CLANG_WARN_QUOTED_INCLUDE_IN_FRAMEWORK_HEADER = YES;
				CLANG_WARN_RANGE_LOOP_ANALYSIS = YES;
				CLANG_WARN_STRICT_PROTOTYPES = YES;
				CLANG_WARN_SUSPICIOUS_MOVE = YES;
				CLANG_WARN_UNGUARDED_AVAILABILITY = YES_AGGRESSIVE;
				CLANG_WARN_UNREACHABLE_CODE = YES;
				CLANG_WARN__DUPLICATE_METHOD_MATCH = YES;
				COPY_PHASE_STRIP = NO;
				DEBUG_INFORMATION_FORMAT = dwarf;
				ENABLE_STRICT_OBJC_MSGSEND = YES;
				ENABLE_TESTABILITY = YES;
				GCC_C_LANGUAGE_STANDARD = gnu11;
				GCC_DYNAMIC_NO_PIC = NO;
				GCC_NO_COMMON_BLOCKS = YES;
				GCC_OPTIMIZATION_LEVEL = 0;
				GCC_PREPROCESSOR_DEFINITIONS = (
					"DEBUG=1",
					"$(inherited)",
				);
				GCC_WARN_64_TO_32_BIT_CONVERSION = YES;
				GCC_WARN_ABOUT_RETURN_TYPE = YES_ERROR;
				GCC_WARN_UNDECLARED_SELECTOR = YES;
				GCC_WARN_UNINITIALIZED_AUTOS = YES_AGGRESSIVE;
				GCC_WARN_UNUSED_FUNCTION = YES;
				GCC_WARN_UNUSED_VARIABLE = YES;
				IPHONEOS_DEPLOYMENT_TARGET = 15.5;
				MTL_ENABLE_DEBUG_INFO = INCLUDE_SOURCE;
				MTL_FAST_MATH = YES;
				ONLY_ACTIVE_ARCH = YES;
				SDKROOT = iphoneos;
				SWIFT_ACTIVE_COMPILATION_CONDITIONS = DEBUG;
				SWIFT_OPTIMIZATION_LEVEL = "-Onone";
			};
			name = Debug;
		};
		6615535C28874BC800682692 /* Release */ = {
			isa = XCBuildConfiguration;
			buildSettings = {
				ALWAYS_SEARCH_USER_PATHS = NO;
				CLANG_ANALYZER_NONNULL = YES;
				CLANG_ANALYZER_NUMBER_OBJECT_CONVERSION = YES_AGGRESSIVE;
				CLANG_CXX_LANGUAGE_STANDARD = "gnu++17";
				CLANG_ENABLE_MODULES = YES;
				CLANG_ENABLE_OBJC_ARC = YES;
				CLANG_ENABLE_OBJC_WEAK = YES;
				CLANG_WARN_BLOCK_CAPTURE_AUTORELEASING = YES;
				CLANG_WARN_BOOL_CONVERSION = YES;
				CLANG_WARN_COMMA = YES;
				CLANG_WARN_CONSTANT_CONVERSION = YES;
				CLANG_WARN_DEPRECATED_OBJC_IMPLEMENTATIONS = YES;
				CLANG_WARN_DIRECT_OBJC_ISA_USAGE = YES_ERROR;
				CLANG_WARN_DOCUMENTATION_COMMENTS = YES;
				CLANG_WARN_EMPTY_BODY = YES;
				CLANG_WARN_ENUM_CONVERSION = YES;
				CLANG_WARN_INFINITE_RECURSION = YES;
				CLANG_WARN_INT_CONVERSION = YES;
				CLANG_WARN_NON_LITERAL_NULL_CONVERSION = YES;
				CLANG_WARN_OBJC_IMPLICIT_RETAIN_SELF = YES;
				CLANG_WARN_OBJC_LITERAL_CONVERSION = YES;
				CLANG_WARN_OBJC_ROOT_CLASS = YES_ERROR;
				CLANG_WARN_QUOTED_INCLUDE_IN_FRAMEWORK_HEADER = YES;
				CLANG_WARN_RANGE_LOOP_ANALYSIS = YES;
				CLANG_WARN_STRICT_PROTOTYPES = YES;
				CLANG_WARN_SUSPICIOUS_MOVE = YES;
				CLANG_WARN_UNGUARDED_AVAILABILITY = YES_AGGRESSIVE;
				CLANG_WARN_UNREACHABLE_CODE = YES;
				CLANG_WARN__DUPLICATE_METHOD_MATCH = YES;
				COPY_PHASE_STRIP = NO;
				DEBUG_INFORMATION_FORMAT = "dwarf-with-dsym";
				ENABLE_NS_ASSERTIONS = NO;
				ENABLE_STRICT_OBJC_MSGSEND = YES;
				GCC_C_LANGUAGE_STANDARD = gnu11;
				GCC_NO_COMMON_BLOCKS = YES;
				GCC_WARN_64_TO_32_BIT_CONVERSION = YES;
				GCC_WARN_ABOUT_RETURN_TYPE = YES_ERROR;
				GCC_WARN_UNDECLARED_SELECTOR = YES;
				GCC_WARN_UNINITIALIZED_AUTOS = YES_AGGRESSIVE;
				GCC_WARN_UNUSED_FUNCTION = YES;
				GCC_WARN_UNUSED_VARIABLE = YES;
				IPHONEOS_DEPLOYMENT_TARGET = 15.5;
				MTL_ENABLE_DEBUG_INFO = NO;
				MTL_FAST_MATH = YES;
				SDKROOT = iphoneos;
				SWIFT_COMPILATION_MODE = wholemodule;
				SWIFT_OPTIMIZATION_LEVEL = "-O";
				VALIDATE_PRODUCT = YES;
			};
			name = Release;
		};
		6615535E28874BC800682692 /* Debug */ = {
			isa = XCBuildConfiguration;
			buildSettings = {
				ASSETCATALOG_COMPILER_APPICON_NAME = AppIcon;
				ASSETCATALOG_COMPILER_GLOBAL_ACCENT_COLOR_NAME = AccentColor;
				CODE_SIGN_IDENTITY = "iPhone Distribution";
				CODE_SIGN_STYLE = Manual;
				CURRENT_PROJECT_VERSION = 1;
				DEVELOPMENT_ASSET_PATHS = "\"testsNano10/Preview Content\"";
				DEVELOPMENT_TEAM = JLB6AGL526;
				ENABLE_PREVIEWS = YES;
				GENERATE_INFOPLIST_FILE = YES;
				INFOPLIST_KEY_UIApplicationSceneManifest_Generation = YES;
				INFOPLIST_KEY_UIApplicationSupportsIndirectInputEvents = YES;
				INFOPLIST_KEY_UILaunchScreen_Generation = YES;
				INFOPLIST_KEY_UISupportedInterfaceOrientations_iPad = "UIInterfaceOrientationPortrait UIInterfaceOrientationPortraitUpsideDown UIInterfaceOrientationLandscapeLeft UIInterfaceOrientationLandscapeRight";
				INFOPLIST_KEY_UISupportedInterfaceOrientations_iPhone = "UIInterfaceOrientationPortrait UIInterfaceOrientationLandscapeLeft UIInterfaceOrientationLandscapeRight";
				IPHONEOS_DEPLOYMENT_TARGET = 15.0;
				LD_RUNPATH_SEARCH_PATHS = (
					"$(inherited)",
					"@executable_path/Frameworks",
				);
				MARKETING_VERSION = 1.0;
				PRODUCT_BUNDLE_IDENTIFIER = com.gustavoBraghin.testsNano10;
				PRODUCT_NAME = "$(TARGET_NAME)";
				PROVISIONING_PROFILE_SPECIFIER = "match AppStore com.gustavoBraghin.testsNano10";
				SWIFT_EMIT_LOC_STRINGS = YES;
				SWIFT_VERSION = 5.0;
				TARGETED_DEVICE_FAMILY = "1,2";
			};
			name = Debug;
		};
		6615535F28874BC800682692 /* Release */ = {
			isa = XCBuildConfiguration;
			buildSettings = {
				ASSETCATALOG_COMPILER_APPICON_NAME = AppIcon;
				ASSETCATALOG_COMPILER_GLOBAL_ACCENT_COLOR_NAME = AccentColor;
				CODE_SIGN_IDENTITY = "iPhone Distribution";
				CODE_SIGN_STYLE = Manual;
				CURRENT_PROJECT_VERSION = 1;
				DEVELOPMENT_ASSET_PATHS = "\"testsNano10/Preview Content\"";
				DEVELOPMENT_TEAM = JLB6AGL526;
				ENABLE_PREVIEWS = YES;
				GENERATE_INFOPLIST_FILE = YES;
				INFOPLIST_KEY_UIApplicationSceneManifest_Generation = YES;
				INFOPLIST_KEY_UIApplicationSupportsIndirectInputEvents = YES;
				INFOPLIST_KEY_UILaunchScreen_Generation = YES;
				INFOPLIST_KEY_UISupportedInterfaceOrientations_iPad = "UIInterfaceOrientationPortrait UIInterfaceOrientationPortraitUpsideDown UIInterfaceOrientationLandscapeLeft UIInterfaceOrientationLandscapeRight";
				INFOPLIST_KEY_UISupportedInterfaceOrientations_iPhone = "UIInterfaceOrientationPortrait UIInterfaceOrientationLandscapeLeft UIInterfaceOrientationLandscapeRight";
				IPHONEOS_DEPLOYMENT_TARGET = 15.0;
				LD_RUNPATH_SEARCH_PATHS = (
					"$(inherited)",
					"@executable_path/Frameworks",
				);
				MARKETING_VERSION = 1.0;
				PRODUCT_BUNDLE_IDENTIFIER = com.gustavoBraghin.testsNano10;
				PRODUCT_NAME = "$(TARGET_NAME)";
				PROVISIONING_PROFILE_SPECIFIER = "match AppStore com.gustavoBraghin.testsNano10";
				SWIFT_EMIT_LOC_STRINGS = YES;
				SWIFT_VERSION = 5.0;
				TARGETED_DEVICE_FAMILY = "1,2";
			};
			name = Release;
		};
		6615536128874BC800682692 /* Debug */ = {
			isa = XCBuildConfiguration;
			buildSettings = {
				ALWAYS_EMBED_SWIFT_STANDARD_LIBRARIES = YES;
				BUNDLE_LOADER = "$(TEST_HOST)";
				CODE_SIGN_STYLE = Automatic;
				CURRENT_PROJECT_VERSION = 1;
				DEVELOPMENT_TEAM = JLB6AGL526;
				GENERATE_INFOPLIST_FILE = YES;
				IPHONEOS_DEPLOYMENT_TARGET = 15.5;
				MARKETING_VERSION = 1.0;
				PRODUCT_BUNDLE_IDENTIFIER = com.gustavoBraghin.testsNano10Tests;
				PRODUCT_NAME = "$(TARGET_NAME)";
				SWIFT_EMIT_LOC_STRINGS = NO;
				SWIFT_VERSION = 5.0;
				TARGETED_DEVICE_FAMILY = "1,2";
				TEST_HOST = "$(BUILT_PRODUCTS_DIR)/testsNano10.app/testsNano10";
			};
			name = Debug;
		};
		6615536228874BC800682692 /* Release */ = {
			isa = XCBuildConfiguration;
			buildSettings = {
				ALWAYS_EMBED_SWIFT_STANDARD_LIBRARIES = YES;
				BUNDLE_LOADER = "$(TEST_HOST)";
				CODE_SIGN_STYLE = Automatic;
				CURRENT_PROJECT_VERSION = 1;
				DEVELOPMENT_TEAM = JLB6AGL526;
				GENERATE_INFOPLIST_FILE = YES;
				IPHONEOS_DEPLOYMENT_TARGET = 15.5;
				MARKETING_VERSION = 1.0;
				PRODUCT_BUNDLE_IDENTIFIER = com.gustavoBraghin.testsNano10Tests;
				PRODUCT_NAME = "$(TARGET_NAME)";
				SWIFT_EMIT_LOC_STRINGS = NO;
				SWIFT_VERSION = 5.0;
				TARGETED_DEVICE_FAMILY = "1,2";
				TEST_HOST = "$(BUILT_PRODUCTS_DIR)/testsNano10.app/testsNano10";
			};
			name = Release;
		};
		6615536428874BC800682692 /* Debug */ = {
			isa = XCBuildConfiguration;
			buildSettings = {
				ALWAYS_EMBED_SWIFT_STANDARD_LIBRARIES = YES;
				CODE_SIGN_STYLE = Automatic;
				CURRENT_PROJECT_VERSION = 1;
				DEVELOPMENT_TEAM = JLB6AGL526;
				GENERATE_INFOPLIST_FILE = YES;
				MARKETING_VERSION = 1.0;
				PRODUCT_BUNDLE_IDENTIFIER = com.gustavoBraghin.testsNano10UITests;
				PRODUCT_NAME = "$(TARGET_NAME)";
				SWIFT_EMIT_LOC_STRINGS = NO;
				SWIFT_VERSION = 5.0;
				TARGETED_DEVICE_FAMILY = "1,2";
				TEST_TARGET_NAME = testsNano10;
			};
			name = Debug;
		};
		6615536528874BC800682692 /* Release */ = {
			isa = XCBuildConfiguration;
			buildSettings = {
				ALWAYS_EMBED_SWIFT_STANDARD_LIBRARIES = YES;
				CODE_SIGN_STYLE = Automatic;
				CURRENT_PROJECT_VERSION = 1;
				DEVELOPMENT_TEAM = JLB6AGL526;
				GENERATE_INFOPLIST_FILE = YES;
				MARKETING_VERSION = 1.0;
				PRODUCT_BUNDLE_IDENTIFIER = com.gustavoBraghin.testsNano10UITests;
				PRODUCT_NAME = "$(TARGET_NAME)";
				SWIFT_EMIT_LOC_STRINGS = NO;
				SWIFT_VERSION = 5.0;
				TARGETED_DEVICE_FAMILY = "1,2";
				TEST_TARGET_NAME = testsNano10;
			};
			name = Release;
		};
/* End XCBuildConfiguration section */

/* Begin XCConfigurationList section */
		6615533428874BC400682692 /* Build configuration list for PBXProject "testsNano10" */ = {
			isa = XCConfigurationList;
			buildConfigurations = (
				6615535B28874BC800682692 /* Debug */,
				6615535C28874BC800682692 /* Release */,
			);
			defaultConfigurationIsVisible = 0;
			defaultConfigurationName = Release;
		};
		6615535D28874BC800682692 /* Build configuration list for PBXNativeTarget "testsNano10" */ = {
			isa = XCConfigurationList;
			buildConfigurations = (
				6615535E28874BC800682692 /* Debug */,
				6615535F28874BC800682692 /* Release */,
			);
			defaultConfigurationIsVisible = 0;
			defaultConfigurationName = Release;
		};
		6615536028874BC800682692 /* Build configuration list for PBXNativeTarget "testsNano10Tests" */ = {
			isa = XCConfigurationList;
			buildConfigurations = (
				6615536128874BC800682692 /* Debug */,
				6615536228874BC800682692 /* Release */,
			);
			defaultConfigurationIsVisible = 0;
			defaultConfigurationName = Release;
		};
		6615536328874BC800682692 /* Build configuration list for PBXNativeTarget "testsNano10UITests" */ = {
			isa = XCConfigurationList;
			buildConfigurations = (
				6615536428874BC800682692 /* Debug */,
				6615536528874BC800682692 /* Release */,
			);
			defaultConfigurationIsVisible = 0;
			defaultConfigurationName = Release;
		};
/* End XCConfigurationList section */
	};
	rootObject = 6615533128874BC400682692 /* Project object */;
}
